
Microsoft Visual Studio Solution File, Format Version 12.00
# Visual Studio Version 17
VisualStudioVersion = 17.11.35208.52
MinimumVisualStudioVersion = 10.0.40219.1
Project("{FAE04EC0-301F-11D3-BF4B-00C04F79EFBC}") = "ChartsAPI", "ChartsAPI\ChartsAPI.csproj", "{25901713-F81E-4E9E-9EC9-0FEF383941E0}"
EndProject
Global
	GlobalSection(SolutionConfigurationPlatforms) = preSolution
		Debug|Any CPU = Debug|Any CPU
		Release|Any CPU = Release|Any CPU
	EndGlobalSection
	GlobalSection(ProjectConfigurationPlatforms) = postSolution
		{25901713-F81E-4E9E-9EC9-0FEF383941E0}.Debug|Any CPU.ActiveCfg = Debug|Any CPU
		{25901713-F81E-4E9E-9EC9-0FEF383941E0}.Debug|Any CPU.Build.0 = Debug|Any CPU
		{25901713-F81E-4E9E-9EC9-0FEF383941E0}.Release|Any CPU.ActiveCfg = Release|Any CPU
		{25901713-F81E-4E9E-9EC9-0FEF383941E0}.Release|Any CPU.Build.0 = Release|Any CPU
	EndGlobalSection
	GlobalSection(SolutionProperties) = preSolution
		HideSolutionNode = FALSE
	EndGlobalSection
	GlobalSection(ExtensibilityGlobals) = postSolution
		SolutionGuid = {C773D653-BBC5-4626-841D-B638B44DF932}
	EndGlobalSection
EndGlobal
